
Microsoft Visual Studio Solution File, Format Version 12.00
# Visual Studio Version 16
VisualStudioVersion = 16.0.31105.61
MinimumVisualStudioVersion = 10.0.40219.1
Project("{2150E333-8FDC-42A3-9474-1A3956D46DE8}") = "Solution Items", "Solution Items", "{BB8AF74B-6D5A-4C1F-B1E2-A204A0771CA2}"
	ProjectSection(SolutionItems) = preProject
		ReadMe.md = ReadMe.md
		tye.yaml = tye.yaml
	EndProjectSection
EndProject
Project("{9A19103F-16F7-4668-BE54-9A1E7A4F7556}") = "Subscriber", "Subscriber\Subscriber.csproj", "{D50955BA-35CC-4AB7-967A-3E9637C38EA4}"
EndProject
Project("{9A19103F-16F7-4668-BE54-9A1E7A4F7556}") = "Publisher", "Publisher\Publisher.csproj", "{F6C3168C-B68C-4244-B954-24DD43614238}"
EndProject
Project("{2150E333-8FDC-42A3-9474-1A3956D46DE8}") = "dapr", "dapr", "{DE74A91E-B9CF-42A9-84D5-C5C53414AFCA}"
EndProject
Project("{2150E333-8FDC-42A3-9474-1A3956D46DE8}") = "components", "components", "{AED9FAE6-E33B-430B-8786-AFC69826D196}"
	ProjectSection(SolutionItems) = preProject
		dapr\components\pubsub.yaml = dapr\components\pubsub.yaml
	EndProjectSection
EndProject
Global
	GlobalSection(SolutionConfigurationPlatforms) = preSolution
		Debug|Any CPU = Debug|Any CPU
		Release|Any CPU = Release|Any CPU
	EndGlobalSection
	GlobalSection(ProjectConfigurationPlatforms) = postSolution
		{D50955BA-35CC-4AB7-967A-3E9637C38EA4}.Debug|Any CPU.ActiveCfg = Debug|Any CPU
		{D50955BA-35CC-4AB7-967A-3E9637C38EA4}.Debug|Any CPU.Build.0 = Debug|Any CPU
		{D50955BA-35CC-4AB7-967A-3E9637C38EA4}.Release|Any CPU.ActiveCfg = Release|Any CPU
		{D50955BA-35CC-4AB7-967A-3E9637C38EA4}.Release|Any CPU.Build.0 = Release|Any CPU
		{F6C3168C-B68C-4244-B954-24DD43614238}.Debug|Any CPU.ActiveCfg = Debug|Any CPU
		{F6C3168C-B68C-4244-B954-24DD43614238}.Debug|Any CPU.Build.0 = Debug|Any CPU
		{F6C3168C-B68C-4244-B954-24DD43614238}.Release|Any CPU.ActiveCfg = Release|Any CPU
		{F6C3168C-B68C-4244-B954-24DD43614238}.Release|Any CPU.Build.0 = Release|Any CPU
	EndGlobalSection
	GlobalSection(SolutionProperties) = preSolution
		HideSolutionNode = FALSE
	EndGlobalSection
	GlobalSection(NestedProjects) = preSolution
		{AED9FAE6-E33B-430B-8786-AFC69826D196} = {DE74A91E-B9CF-42A9-84D5-C5C53414AFCA}
	EndGlobalSection
	GlobalSection(ExtensibilityGlobals) = postSolution
		SolutionGuid = {D7F3350A-4960-4F92-BDD6-4392BAFC0260}
	EndGlobalSection
EndGlobal
